[[package]]
name = "items"
version = "0.6.5"
description = "Attribute accessible dicts and collections thereof"
category = "main"
optional = false
python-versions = "*"

[package.dependencies]
nulltype = ">=2.3.1"

[[package]]
name = "nulltype"
version = "2.3.1"
description = "Null values and sentinels like (but not) None, False & True"
category = "main"
optional = false
python-versions = "*"

[[package]]
name = "pytz"
version = "2021.3"
description = "World timezone definitions, modern and historical"
category = "main"
optional = false
python-versions = "*"

[metadata]
lock-version = "1.1"
python-versions = "^3.8"
content-hash = "6d334e61a12958e30dedff5af1c74929a12a9da444b104d9db877399759eff65"

[metadata.files]
items = [
    {file = "items-0.6.5-py3-none-any.whl", hash = "sha256:865ab5ed9782f979e3d3984a18d8233aea77f88e24d54a1f1d29d3d22ef31ad9"},
    {file = "items-0.6.5.tar.gz", hash = "sha256:ad7fb0b8369c5ea1b1e8b83104210cfff39710e6fa794659cab12f856abae393"},
]
nulltype = [
    {file = "nulltype-2.3.1-py2.py3-none-any.whl", hash = "sha256:16ae565745118e37e0558441f5821c76351d8c3a789640b5bca277cf65b2271b"},
    {file = "nulltype-2.3.1.zip", hash = "sha256:64aa3cb2ab5e904d1b37175b9b922bea268c13f9ce32e3d373313150ab5ef272"},
]
pytz = [
    {file = "pytz-2021.3-py2.py3-none-any.whl", hash = "sha256:3672058bc3453457b622aab7a1c3bfd5ab0bdae451512f6cf25f64ed37f5b87c"},
    {file = "pytz-2021.3.tar.gz", hash = "sha256:acad2d8b20a1af07d4e4c9d2e9285c5ed9104354062f275f3fcd88dcef4f1326"},
]
